
Microsoft Visual Studio Solution File, Format Version 12.00
# Visual Studio Version 16
VisualStudioVersion = 16.0.30413.136
MinimumVisualStudioVersion = 10.0.40219.1
Project("{FAE04EC0-301F-11D3-BF4B-00C04F79EFBC}") = "GestioneParcoAuto", "GestioneParcoAuto\GestioneParcoAuto.csproj", "{B7B98355-2508-4CE0-9DEA-C5D0FC9F12A7}"
EndProject
Global
	GlobalSection(SolutionConfigurationPlatforms) = preSolution
		Debug|Any CPU = Debug|Any CPU
		Release|Any CPU = Release|Any CPU
	EndGlobalSection
	GlobalSection(ProjectConfigurationPlatforms) = postSolution
		{B7B98355-2508-4CE0-9DEA-C5D0FC9F12A7}.Debug|Any CPU.ActiveCfg = Debug|Any CPU
		{B7B98355-2508-4CE0-9DEA-C5D0FC9F12A7}.Debug|Any CPU.Build.0 = Debug|Any CPU
		{B7B98355-2508-4CE0-9DEA-C5D0FC9F12A7}.Release|Any CPU.ActiveCfg = Release|Any CPU
		{B7B98355-2508-4CE0-9DEA-C5D0FC9F12A7}.Release|Any CPU.Build.0 = Release|Any CPU
	EndGlobalSection
	GlobalSection(SolutionProperties) = preSolution
		HideSolutionNode = FALSE
	EndGlobalSection
	GlobalSection(ExtensibilityGlobals) = postSolution
		SolutionGuid = {F09B7F6B-2991-48EA-8440-7D346623CA3E}
	EndGlobalSection
EndGlobal
